<?xml version="1.0" encoding="utf-8"?>
<Project ToolsVersion="16.0" xmlns="http://schemas.microsoft.com/developer/msbuild/2003">
  <ItemGroup>
    <ClCompile Include="C:\Dev\MyProjects\DreamRealm\Dependencies\glad\src\glad.c">
      <Filter>Source Files</Filter>
    </ClCompile>
  </ItemGroup>
  <ItemGroup>
    <ClInclude Include="C:\Dev\MyProjects\DreamRealm\Dependencies\glad\include\glad\glad.h">
      <Filter>Header Files</Filter>
    </ClInclude>
    <ClInclude Include="C:\Dev\MyProjects\DreamRealm\Dependencies\glad\include\KHR\khrplatform.h">
      <Filter>Header Files</Filter>
    </ClInclude>
  </ItemGroup>
  <ItemGroup>
    <CustomBuild Include="C:\Dev\MyProjects\DreamRealm\Dependencies\glad\CMakeLists.txt" />
  </ItemGroup>
  <ItemGroup>
    <Filter Include="Header Files">
      <UniqueIdentifier>{5EB424F5-2400-3570-A655-55EA09BBCF36}</UniqueIdentifier>
    </Filter>
    <Filter Include="Source Files">
      <UniqueIdentifier>{135F2D65-3067-38BB-9EF1-BE8509721973}</UniqueIdentifier>
    </Filter>
  </ItemGroup>
</Project>
