
Microsoft Visual Studio Solution File, Format Version 12.00
# Visual Studio Version 16
Project("{2150E333-8FDC-42A3-9474-1A3956D46DE8}") = "CMakePredefinedTargets", "CMakePredefinedTargets", "{5316BA40-33D6-3CB6-84E7-7126A59D080A}"
EndProject
Project("{2150E333-8FDC-42A3-9474-1A3956D46DE8}") = "GLFW3", "GLFW3", "{57087599-D162-3699-A44F-9FEDEBC4D671}"
EndProject
Project("{8BC9CEB8-8B4A-11D0-8D11-00A0C91BC942}") = "DreamRealm", "DreamRealm\DreamRealm.vcxproj", "{1D16D367-87BD-36E9-97AB-51A02C78AC02}"
	ProjectSection(ProjectDependencies) = postProject
		{1D284D8E-1A2C-363C-9E79-0E6B52E1C9CE} = {1D284D8E-1A2C-363C-9E79-0E6B52E1C9CE}
		{22DC13A0-666E-3DDB-9385-86CB9B7619D8} = {22DC13A0-666E-3DDB-9385-86CB9B7619D8}
		{B26E37FC-C04F-3590-B2F1-2D2CC4D260FA} = {B26E37FC-C04F-3590-B2F1-2D2CC4D260FA}
		{B52FABFE-63E3-37EA-9087-180415539DC8} = {B52FABFE-63E3-37EA-9087-180415539DC8}
	EndProjectSection
EndProject
Project("{8BC9CEB8-8B4A-11D0-8D11-00A0C91BC942}") = "ALL_BUILD", "ALL_BUILD.vcxproj", "{E6500D5B-CCEF-3E09-B363-1AEA5658A0E6}"
	ProjectSection(ProjectDependencies) = postProject
		{1D284D8E-1A2C-363C-9E79-0E6B52E1C9CE} = {1D284D8E-1A2C-363C-9E79-0E6B52E1C9CE}
		{1D16D367-87BD-36E9-97AB-51A02C78AC02} = {1D16D367-87BD-36E9-97AB-51A02C78AC02}
		{22DC13A0-666E-3DDB-9385-86CB9B7619D8} = {22DC13A0-666E-3DDB-9385-86CB9B7619D8}
		{DC0DE631-ED3F-3D54-AE52-432B05EECADF} = {DC0DE631-ED3F-3D54-AE52-432B05EECADF}
		{4976D222-C32A-380B-B1E1-FE860C9289C3} = {4976D222-C32A-380B-B1E1-FE860C9289C3}
		{B26E37FC-C04F-3590-B2F1-2D2CC4D260FA} = {B26E37FC-C04F-3590-B2F1-2D2CC4D260FA}
		{B52FABFE-63E3-37EA-9087-180415539DC8} = {B52FABFE-63E3-37EA-9087-180415539DC8}
		{22D62C53-CBC1-3AD9-A613-1E54836BC35C} = {22D62C53-CBC1-3AD9-A613-1E54836BC35C}
		{97E20D61-D48F-30ED-8E2A-B15DC2399EA2} = {97E20D61-D48F-30ED-8E2A-B15DC2399EA2}
	EndProjectSection
EndProject
Project("{8BC9CEB8-8B4A-11D0-8D11-00A0C91BC942}") = "CrunchMath", "Dependencies\CrunchMath\CrunchMath.vcxproj", "{1D284D8E-1A2C-363C-9E79-0E6B52E1C9CE}"
	ProjectSection(ProjectDependencies) = postProject
		{22DC13A0-666E-3DDB-9385-86CB9B7619D8} = {22DC13A0-666E-3DDB-9385-86CB9B7619D8}
	EndProjectSection
EndProject
Project("{8BC9CEB8-8B4A-11D0-8D11-00A0C91BC942}") = "INSTALL", "INSTALL.vcxproj", "{728F1F98-3DD3-3581-90C1-014A7174DDB6}"
	ProjectSection(ProjectDependencies) = postProject
		{E6500D5B-CCEF-3E09-B363-1AEA5658A0E6} = {E6500D5B-CCEF-3E09-B363-1AEA5658A0E6}
		{22DC13A0-666E-3DDB-9385-86CB9B7619D8} = {22DC13A0-666E-3DDB-9385-86CB9B7619D8}
	EndProjectSection
EndProject
Project("{8BC9CEB8-8B4A-11D0-8D11-00A0C91BC942}") = "UpdateAssimpLibsDebugSymbolsAndDLLs", "Dependencies\Assimp\UpdateAssimpLibsDebugSymbolsAndDLLs.vcxproj", "{DC017448-77F0-3391-A6FD-63B5C9ED2205}"
	ProjectSection(ProjectDependencies) = postProject
		{22DC13A0-666E-3DDB-9385-86CB9B7619D8} = {22DC13A0-666E-3DDB-9385-86CB9B7619D8}
	EndProjectSection
EndProject
Project("{8BC9CEB8-8B4A-11D0-8D11-00A0C91BC942}") = "ZERO_CHECK", "ZERO_CHECK.vcxproj", "{22DC13A0-666E-3DDB-9385-86CB9B7619D8}"
	ProjectSection(ProjectDependencies) = postProject
	EndProjectSection
EndProject
Project("{8BC9CEB8-8B4A-11D0-8D11-00A0C91BC942}") = "assimp", "Dependencies\Assimp\code\assimp.vcxproj", "{DC0DE631-ED3F-3D54-AE52-432B05EECADF}"
	ProjectSection(ProjectDependencies) = postProject
		{22DC13A0-666E-3DDB-9385-86CB9B7619D8} = {22DC13A0-666E-3DDB-9385-86CB9B7619D8}
		{97E20D61-D48F-30ED-8E2A-B15DC2399EA2} = {97E20D61-D48F-30ED-8E2A-B15DC2399EA2}
	EndProjectSection
EndProject
Project("{8BC9CEB8-8B4A-11D0-8D11-00A0C91BC942}") = "assimp_cmd", "Dependencies\Assimp\tools\assimp_cmd\assimp_cmd.vcxproj", "{4976D222-C32A-380B-B1E1-FE860C9289C3}"
	ProjectSection(ProjectDependencies) = postProject
		{22DC13A0-666E-3DDB-9385-86CB9B7619D8} = {22DC13A0-666E-3DDB-9385-86CB9B7619D8}
		{DC0DE631-ED3F-3D54-AE52-432B05EECADF} = {DC0DE631-ED3F-3D54-AE52-432B05EECADF}
		{97E20D61-D48F-30ED-8E2A-B15DC2399EA2} = {97E20D61-D48F-30ED-8E2A-B15DC2399EA2}
	EndProjectSection
EndProject
Project("{8BC9CEB8-8B4A-11D0-8D11-00A0C91BC942}") = "glad", "Dependencies\glad\glad.vcxproj", "{B26E37FC-C04F-3590-B2F1-2D2CC4D260FA}"
	ProjectSection(ProjectDependencies) = postProject
		{22DC13A0-666E-3DDB-9385-86CB9B7619D8} = {22DC13A0-666E-3DDB-9385-86CB9B7619D8}
	EndProjectSection
EndProject
Project("{8BC9CEB8-8B4A-11D0-8D11-00A0C91BC942}") = "glfw", "Dependencies\GLFW\src\glfw.vcxproj", "{B52FABFE-63E3-37EA-9087-180415539DC8}"
	ProjectSection(ProjectDependencies) = postProject
		{22DC13A0-666E-3DDB-9385-86CB9B7619D8} = {22DC13A0-666E-3DDB-9385-86CB9B7619D8}
	EndProjectSection
EndProject
Project("{8BC9CEB8-8B4A-11D0-8D11-00A0C91BC942}") = "uninstall", "Dependencies\Assimp\uninstall.vcxproj", "{331DC68B-40B1-38E9-9B3F-D71BECAF54A0}"
	ProjectSection(ProjectDependencies) = postProject
		{22DC13A0-666E-3DDB-9385-86CB9B7619D8} = {22DC13A0-666E-3DDB-9385-86CB9B7619D8}
	EndProjectSection
EndProject
Project("{8BC9CEB8-8B4A-11D0-8D11-00A0C91BC942}") = "unit", "Dependencies\Assimp\test\unit.vcxproj", "{22D62C53-CBC1-3AD9-A613-1E54836BC35C}"
	ProjectSection(ProjectDependencies) = postProject
		{22DC13A0-666E-3DDB-9385-86CB9B7619D8} = {22DC13A0-666E-3DDB-9385-86CB9B7619D8}
		{DC0DE631-ED3F-3D54-AE52-432B05EECADF} = {DC0DE631-ED3F-3D54-AE52-432B05EECADF}
		{97E20D61-D48F-30ED-8E2A-B15DC2399EA2} = {97E20D61-D48F-30ED-8E2A-B15DC2399EA2}
	EndProjectSection
EndProject
Project("{8BC9CEB8-8B4A-11D0-8D11-00A0C91BC942}") = "update_mappings", "Dependencies\GLFW\src\update_mappings.vcxproj", "{C6BC5A6C-6415-37EF-B26E-BC281DB0731E}"
	ProjectSection(ProjectDependencies) = postProject
		{22DC13A0-666E-3DDB-9385-86CB9B7619D8} = {22DC13A0-666E-3DDB-9385-86CB9B7619D8}
	EndProjectSection
EndProject
Project("{8BC9CEB8-8B4A-11D0-8D11-00A0C91BC942}") = "zlibstatic", "Dependencies\Assimp\contrib\zlib\zlibstatic.vcxproj", "{97E20D61-D48F-30ED-8E2A-B15DC2399EA2}"
	ProjectSection(ProjectDependencies) = postProject
		{22DC13A0-666E-3DDB-9385-86CB9B7619D8} = {22DC13A0-666E-3DDB-9385-86CB9B7619D8}
	EndProjectSection
EndProject
Global
	GlobalSection(SolutionConfigurationPlatforms) = preSolution
		Debug|x64 = Debug|x64
		Release|x64 = Release|x64
		MinSizeRel|x64 = MinSizeRel|x64
		RelWithDebInfo|x64 = RelWithDebInfo|x64
	EndGlobalSection
	GlobalSection(ProjectConfigurationPlatforms) = postSolution
		{1D16D367-87BD-36E9-97AB-51A02C78AC02}.Debug|x64.ActiveCfg = Debug|x64
		{1D16D367-87BD-36E9-97AB-51A02C78AC02}.Debug|x64.Build.0 = Debug|x64
		{1D16D367-87BD-36E9-97AB-51A02C78AC02}.Release|x64.ActiveCfg = Release|x64
		{1D16D367-87BD-36E9-97AB-51A02C78AC02}.Release|x64.Build.0 = Release|x64
		{1D16D367-87BD-36E9-97AB-51A02C78AC02}.MinSizeRel|x64.ActiveCfg = MinSizeRel|x64
		{1D16D367-87BD-36E9-97AB-51A02C78AC02}.MinSizeRel|x64.Build.0 = MinSizeRel|x64
		{1D16D367-87BD-36E9-97AB-51A02C78AC02}.RelWithDebInfo|x64.ActiveCfg = RelWithDebInfo|x64
		{1D16D367-87BD-36E9-97AB-51A02C78AC02}.RelWithDebInfo|x64.Build.0 = RelWithDebInfo|x64
		{E6500D5B-CCEF-3E09-B363-1AEA5658A0E6}.Debug|x64.ActiveCfg = Debug|x64
		{E6500D5B-CCEF-3E09-B363-1AEA5658A0E6}.Debug|x64.Build.0 = Debug|x64
		{E6500D5B-CCEF-3E09-B363-1AEA5658A0E6}.Release|x64.ActiveCfg = Release|x64
		{E6500D5B-CCEF-3E09-B363-1AEA5658A0E6}.Release|x64.Build.0 = Release|x64
		{E6500D5B-CCEF-3E09-B363-1AEA5658A0E6}.MinSizeRel|x64.ActiveCfg = MinSizeRel|x64
		{E6500D5B-CCEF-3E09-B363-1AEA5658A0E6}.MinSizeRel|x64.Build.0 = MinSizeRel|x64
		{E6500D5B-CCEF-3E09-B363-1AEA5658A0E6}.RelWithDebInfo|x64.ActiveCfg = RelWithDebInfo|x64
		{E6500D5B-CCEF-3E09-B363-1AEA5658A0E6}.RelWithDebInfo|x64.Build.0 = RelWithDebInfo|x64
		{1D284D8E-1A2C-363C-9E79-0E6B52E1C9CE}.Debug|x64.ActiveCfg = Debug|x64
		{1D284D8E-1A2C-363C-9E79-0E6B52E1C9CE}.Debug|x64.Build.0 = Debug|x64
		{1D284D8E-1A2C-363C-9E79-0E6B52E1C9CE}.Release|x64.ActiveCfg = Release|x64
		{1D284D8E-1A2C-363C-9E79-0E6B52E1C9CE}.Release|x64.Build.0 = Release|x64
		{1D284D8E-1A2C-363C-9E79-0E6B52E1C9CE}.MinSizeRel|x64.ActiveCfg = MinSizeRel|x64
		{1D284D8E-1A2C-363C-9E79-0E6B52E1C9CE}.MinSizeRel|x64.Build.0 = MinSizeRel|x64
		{1D284D8E-1A2C-363C-9E79-0E6B52E1C9CE}.RelWithDebInfo|x64.ActiveCfg = RelWithDebInfo|x64
		{1D284D8E-1A2C-363C-9E79-0E6B52E1C9CE}.RelWithDebInfo|x64.Build.0 = RelWithDebInfo|x64
		{728F1F98-3DD3-3581-90C1-014A7174DDB6}.Debug|x64.ActiveCfg = Debug|x64
		{728F1F98-3DD3-3581-90C1-014A7174DDB6}.Release|x64.ActiveCfg = Release|x64
		{728F1F98-3DD3-3581-90C1-014A7174DDB6}.MinSizeRel|x64.ActiveCfg = MinSizeRel|x64
		{728F1F98-3DD3-3581-90C1-014A7174DDB6}.RelWithDebInfo|x64.ActiveCfg = RelWithDebInfo|x64
		{DC017448-77F0-3391-A6FD-63B5C9ED2205}.Debug|x64.ActiveCfg = Debug|x64
		{DC017448-77F0-3391-A6FD-63B5C9ED2205}.Release|x64.ActiveCfg = Release|x64
		{DC017448-77F0-3391-A6FD-63B5C9ED2205}.MinSizeRel|x64.ActiveCfg = MinSizeRel|x64
		{DC017448-77F0-3391-A6FD-63B5C9ED2205}.RelWithDebInfo|x64.ActiveCfg = RelWithDebInfo|x64
		{22DC13A0-666E-3DDB-9385-86CB9B7619D8}.Debug|x64.ActiveCfg = Debug|x64
		{22DC13A0-666E-3DDB-9385-86CB9B7619D8}.Debug|x64.Build.0 = Debug|x64
		{22DC13A0-666E-3DDB-9385-86CB9B7619D8}.Release|x64.ActiveCfg = Release|x64
		{22DC13A0-666E-3DDB-9385-86CB9B7619D8}.Release|x64.Build.0 = Release|x64
		{22DC13A0-666E-3DDB-9385-86CB9B7619D8}.MinSizeRel|x64.ActiveCfg = MinSizeRel|x64
		{22DC13A0-666E-3DDB-9385-86CB9B7619D8}.MinSizeRel|x64.Build.0 = MinSizeRel|x64
		{22DC13A0-666E-3DDB-9385-86CB9B7619D8}.RelWithDebInfo|x64.ActiveCfg = RelWithDebInfo|x64
		{22DC13A0-666E-3DDB-9385-86CB9B7619D8}.RelWithDebInfo|x64.Build.0 = RelWithDebInfo|x64
		{DC0DE631-ED3F-3D54-AE52-432B05EECADF}.Debug|x64.ActiveCfg = Debug|x64
		{DC0DE631-ED3F-3D54-AE52-432B05EECADF}.Debug|x64.Build.0 = Debug|x64
		{DC0DE631-ED3F-3D54-AE52-432B05EECADF}.Release|x64.ActiveCfg = Release|x64
		{DC0DE631-ED3F-3D54-AE52-432B05EECADF}.Release|x64.Build.0 = Release|x64
		{DC0DE631-ED3F-3D54-AE52-432B05EECADF}.MinSizeRel|x64.ActiveCfg = MinSizeRel|x64
		{DC0DE631-ED3F-3D54-AE52-432B05EECADF}.MinSizeRel|x64.Build.0 = MinSizeRel|x64
		{DC0DE631-ED3F-3D54-AE52-432B05EECADF}.RelWithDebInfo|x64.ActiveCfg = RelWithDebInfo|x64
		{DC0DE631-ED3F-3D54-AE52-432B05EECADF}.RelWithDebInfo|x64.Build.0 = RelWithDebInfo|x64
		{4976D222-C32A-380B-B1E1-FE860C9289C3}.Debug|x64.ActiveCfg = Debug|x64
		{4976D222-C32A-380B-B1E1-FE860C9289C3}.Debug|x64.Build.0 = Debug|x64
		{4976D222-C32A-380B-B1E1-FE860C9289C3}.Release|x64.ActiveCfg = Release|x64
		{4976D222-C32A-380B-B1E1-FE860C9289C3}.Release|x64.Build.0 = Release|x64
		{4976D222-C32A-380B-B1E1-FE860C9289C3}.MinSizeRel|x64.ActiveCfg = MinSizeRel|x64
		{4976D222-C32A-380B-B1E1-FE860C9289C3}.MinSizeRel|x64.Build.0 = MinSizeRel|x64
		{4976D222-C32A-380B-B1E1-FE860C9289C3}.RelWithDebInfo|x64.ActiveCfg = RelWithDebInfo|x64
		{4976D222-C32A-380B-B1E1-FE860C9289C3}.RelWithDebInfo|x64.Build.0 = RelWithDebInfo|x64
		{B26E37FC-C04F-3590-B2F1-2D2CC4D260FA}.Debug|x64.ActiveCfg = Debug|x64
		{B26E37FC-C04F-3590-B2F1-2D2CC4D260FA}.Debug|x64.Build.0 = Debug|x64
		{B26E37FC-C04F-3590-B2F1-2D2CC4D260FA}.Release|x64.ActiveCfg = Release|x64
		{B26E37FC-C04F-3590-B2F1-2D2CC4D260FA}.Release|x64.Build.0 = Release|x64
		{B26E37FC-C04F-3590-B2F1-2D2CC4D260FA}.MinSizeRel|x64.ActiveCfg = MinSizeRel|x64
		{B26E37FC-C04F-3590-B2F1-2D2CC4D260FA}.MinSizeRel|x64.Build.0 = MinSizeRel|x64
		{B26E37FC-C04F-3590-B2F1-2D2CC4D260FA}.RelWithDebInfo|x64.ActiveCfg = RelWithDebInfo|x64
		{B26E37FC-C04F-3590-B2F1-2D2CC4D260FA}.RelWithDebInfo|x64.Build.0 = RelWithDebInfo|x64
		{B52FABFE-63E3-37EA-9087-180415539DC8}.Debug|x64.ActiveCfg = Debug|x64
		{B52FABFE-63E3-37EA-9087-180415539DC8}.Debug|x64.Build.0 = Debug|x64
		{B52FABFE-63E3-37EA-9087-180415539DC8}.Release|x64.ActiveCfg = Release|x64
		{B52FABFE-63E3-37EA-9087-180415539DC8}.Release|x64.Build.0 = Release|x64
		{B52FABFE-63E3-37EA-9087-180415539DC8}.MinSizeRel|x64.ActiveCfg = MinSizeRel|x64
		{B52FABFE-63E3-37EA-9087-180415539DC8}.MinSizeRel|x64.Build.0 = MinSizeRel|x64
		{B52FABFE-63E3-37EA-9087-180415539DC8}.RelWithDebInfo|x64.ActiveCfg = RelWithDebInfo|x64
		{B52FABFE-63E3-37EA-9087-180415539DC8}.RelWithDebInfo|x64.Build.0 = RelWithDebInfo|x64
		{331DC68B-40B1-38E9-9B3F-D71BECAF54A0}.Debug|x64.ActiveCfg = Debug|x64
		{331DC68B-40B1-38E9-9B3F-D71BECAF54A0}.Release|x64.ActiveCfg = Release|x64
		{331DC68B-40B1-38E9-9B3F-D71BECAF54A0}.MinSizeRel|x64.ActiveCfg = MinSizeRel|x64
		{331DC68B-40B1-38E9-9B3F-D71BECAF54A0}.RelWithDebInfo|x64.ActiveCfg = RelWithDebInfo|x64
		{22D62C53-CBC1-3AD9-A613-1E54836BC35C}.Debug|x64.ActiveCfg = Debug|x64
		{22D62C53-CBC1-3AD9-A613-1E54836BC35C}.Debug|x64.Build.0 = Debug|x64
		{22D62C53-CBC1-3AD9-A613-1E54836BC35C}.Release|x64.ActiveCfg = Release|x64
		{22D62C53-CBC1-3AD9-A613-1E54836BC35C}.Release|x64.Build.0 = Release|x64
		{22D62C53-CBC1-3AD9-A613-1E54836BC35C}.MinSizeRel|x64.ActiveCfg = MinSizeRel|x64
		{22D62C53-CBC1-3AD9-A613-1E54836BC35C}.MinSizeRel|x64.Build.0 = MinSizeRel|x64
		{22D62C53-CBC1-3AD9-A613-1E54836BC35C}.RelWithDebInfo|x64.ActiveCfg = RelWithDebInfo|x64
		{22D62C53-CBC1-3AD9-A613-1E54836BC35C}.RelWithDebInfo|x64.Build.0 = RelWithDebInfo|x64
		{C6BC5A6C-6415-37EF-B26E-BC281DB0731E}.Debug|x64.ActiveCfg = Debug|x64
		{C6BC5A6C-6415-37EF-B26E-BC281DB0731E}.Release|x64.ActiveCfg = Release|x64
		{C6BC5A6C-6415-37EF-B26E-BC281DB0731E}.MinSizeRel|x64.ActiveCfg = MinSizeRel|x64
		{C6BC5A6C-6415-37EF-B26E-BC281DB0731E}.RelWithDebInfo|x64.ActiveCfg = RelWithDebInfo|x64
		{97E20D61-D48F-30ED-8E2A-B15DC2399EA2}.Debug|x64.ActiveCfg = Debug|x64
		{97E20D61-D48F-30ED-8E2A-B15DC2399EA2}.Debug|x64.Build.0 = Debug|x64
		{97E20D61-D48F-30ED-8E2A-B15DC2399EA2}.Release|x64.ActiveCfg = Release|x64
		{97E20D61-D48F-30ED-8E2A-B15DC2399EA2}.Release|x64.Build.0 = Release|x64
		{97E20D61-D48F-30ED-8E2A-B15DC2399EA2}.MinSizeRel|x64.ActiveCfg = MinSizeRel|x64
		{97E20D61-D48F-30ED-8E2A-B15DC2399EA2}.MinSizeRel|x64.Build.0 = MinSizeRel|x64
		{97E20D61-D48F-30ED-8E2A-B15DC2399EA2}.RelWithDebInfo|x64.ActiveCfg = RelWithDebInfo|x64
		{97E20D61-D48F-30ED-8E2A-B15DC2399EA2}.RelWithDebInfo|x64.Build.0 = RelWithDebInfo|x64
	EndGlobalSection
	GlobalSection(NestedProjects) = preSolution
		{E6500D5B-CCEF-3E09-B363-1AEA5658A0E6} = {5316BA40-33D6-3CB6-84E7-7126A59D080A}
		{728F1F98-3DD3-3581-90C1-014A7174DDB6} = {5316BA40-33D6-3CB6-84E7-7126A59D080A}
		{22DC13A0-666E-3DDB-9385-86CB9B7619D8} = {5316BA40-33D6-3CB6-84E7-7126A59D080A}
		{B52FABFE-63E3-37EA-9087-180415539DC8} = {57087599-D162-3699-A44F-9FEDEBC4D671}
		{C6BC5A6C-6415-37EF-B26E-BC281DB0731E} = {57087599-D162-3699-A44F-9FEDEBC4D671}
	EndGlobalSection
	GlobalSection(ExtensibilityGlobals) = postSolution
		SolutionGuid = {461684AD-2A8B-3809-80A0-2A778271B60B}
	EndGlobalSection
	GlobalSection(ExtensibilityAddIns) = postSolution
	EndGlobalSection
EndGlobal
