
Microsoft Visual Studio Solution File, Format Version 12.00
# Visual Studio Version 16
Project("{2150E333-8FDC-42A3-9474-1A3956D46DE8}") = "CMakePredefinedTargets", "CMakePredefinedTargets", "{FCA7239F-0589-3534-BF39-BDCCFD6862C3}"
EndProject
Project("{8BC9CEB8-8B4A-11D0-8D11-00A0C91BC942}") = "ALL_BUILD", "ALL_BUILD.vcxproj", "{C71902EF-F287-3E52-9909-05CB56B99850}"
	ProjectSection(ProjectDependencies) = postProject
		{F894ABC6-A5CE-366F-A876-5F5AB68E798D} = {F894ABC6-A5CE-366F-A876-5F5AB68E798D}
		{405C468C-C43D-3E72-8DE3-5C7E85D694E6} = {405C468C-C43D-3E72-8DE3-5C7E85D694E6}
	EndProjectSection
EndProject
Project("{8BC9CEB8-8B4A-11D0-8D11-00A0C91BC942}") = "INSTALL", "INSTALL.vcxproj", "{0D234004-6B04-3DD7-8917-7AFF472FA52E}"
	ProjectSection(ProjectDependencies) = postProject
		{C71902EF-F287-3E52-9909-05CB56B99850} = {C71902EF-F287-3E52-9909-05CB56B99850}
		{F894ABC6-A5CE-366F-A876-5F5AB68E798D} = {F894ABC6-A5CE-366F-A876-5F5AB68E798D}
	EndProjectSection
EndProject
Project("{8BC9CEB8-8B4A-11D0-8D11-00A0C91BC942}") = "ZERO_CHECK", "..\..\\ZERO_CHECK.vcxproj", "{F894ABC6-A5CE-366F-A876-5F5AB68E798D}"
	ProjectSection(ProjectDependencies) = postProject
	EndProjectSection
EndProject
Project("{8BC9CEB8-8B4A-11D0-8D11-00A0C91BC942}") = "glad", "glad.vcxproj", "{405C468C-C43D-3E72-8DE3-5C7E85D694E6}"
	ProjectSection(ProjectDependencies) = postProject
		{F894ABC6-A5CE-366F-A876-5F5AB68E798D} = {F894ABC6-A5CE-366F-A876-5F5AB68E798D}
	EndProjectSection
EndProject
Global
	GlobalSection(SolutionConfigurationPlatforms) = preSolution
		Debug|Win32 = Debug|Win32
		Release|Win32 = Release|Win32
		MinSizeRel|Win32 = MinSizeRel|Win32
		RelWithDebInfo|Win32 = RelWithDebInfo|Win32
	EndGlobalSection
	GlobalSection(ProjectConfigurationPlatforms) = postSolution
		{C71902EF-F287-3E52-9909-05CB56B99850}.Debug|Win32.ActiveCfg = Debug|Win32
		{C71902EF-F287-3E52-9909-05CB56B99850}.Debug|Win32.Build.0 = Debug|Win32
		{C71902EF-F287-3E52-9909-05CB56B99850}.Release|Win32.ActiveCfg = Release|Win32
		{C71902EF-F287-3E52-9909-05CB56B99850}.Release|Win32.Build.0 = Release|Win32
		{C71902EF-F287-3E52-9909-05CB56B99850}.MinSizeRel|Win32.ActiveCfg = MinSizeRel|Win32
		{C71902EF-F287-3E52-9909-05CB56B99850}.MinSizeRel|Win32.Build.0 = MinSizeRel|Win32
		{C71902EF-F287-3E52-9909-05CB56B99850}.RelWithDebInfo|Win32.ActiveCfg = RelWithDebInfo|Win32
		{C71902EF-F287-3E52-9909-05CB56B99850}.RelWithDebInfo|Win32.Build.0 = RelWithDebInfo|Win32
		{0D234004-6B04-3DD7-8917-7AFF472FA52E}.Debug|Win32.ActiveCfg = Debug|Win32
		{0D234004-6B04-3DD7-8917-7AFF472FA52E}.Release|Win32.ActiveCfg = Release|Win32
		{0D234004-6B04-3DD7-8917-7AFF472FA52E}.MinSizeRel|Win32.ActiveCfg = MinSizeRel|Win32
		{0D234004-6B04-3DD7-8917-7AFF472FA52E}.RelWithDebInfo|Win32.ActiveCfg = RelWithDebInfo|Win32
		{F894ABC6-A5CE-366F-A876-5F5AB68E798D}.Debug|Win32.ActiveCfg = Debug|Win32
		{F894ABC6-A5CE-366F-A876-5F5AB68E798D}.Debug|Win32.Build.0 = Debug|Win32
		{F894ABC6-A5CE-366F-A876-5F5AB68E798D}.Release|Win32.ActiveCfg = Release|Win32
		{F894ABC6-A5CE-366F-A876-5F5AB68E798D}.Release|Win32.Build.0 = Release|Win32
		{F894ABC6-A5CE-366F-A876-5F5AB68E798D}.MinSizeRel|Win32.ActiveCfg = MinSizeRel|Win32
		{F894ABC6-A5CE-366F-A876-5F5AB68E798D}.MinSizeRel|Win32.Build.0 = MinSizeRel|Win32
		{F894ABC6-A5CE-366F-A876-5F5AB68E798D}.RelWithDebInfo|Win32.ActiveCfg = RelWithDebInfo|Win32
		{F894ABC6-A5CE-366F-A876-5F5AB68E798D}.RelWithDebInfo|Win32.Build.0 = RelWithDebInfo|Win32
		{405C468C-C43D-3E72-8DE3-5C7E85D694E6}.Debug|Win32.ActiveCfg = Debug|Win32
		{405C468C-C43D-3E72-8DE3-5C7E85D694E6}.Debug|Win32.Build.0 = Debug|Win32
		{405C468C-C43D-3E72-8DE3-5C7E85D694E6}.Release|Win32.ActiveCfg = Release|Win32
		{405C468C-C43D-3E72-8DE3-5C7E85D694E6}.Release|Win32.Build.0 = Release|Win32
		{405C468C-C43D-3E72-8DE3-5C7E85D694E6}.MinSizeRel|Win32.ActiveCfg = MinSizeRel|Win32
		{405C468C-C43D-3E72-8DE3-5C7E85D694E6}.MinSizeRel|Win32.Build.0 = MinSizeRel|Win32
		{405C468C-C43D-3E72-8DE3-5C7E85D694E6}.RelWithDebInfo|Win32.ActiveCfg = RelWithDebInfo|Win32
		{405C468C-C43D-3E72-8DE3-5C7E85D694E6}.RelWithDebInfo|Win32.Build.0 = RelWithDebInfo|Win32
	EndGlobalSection
	GlobalSection(NestedProjects) = preSolution
		{C71902EF-F287-3E52-9909-05CB56B99850} = {FCA7239F-0589-3534-BF39-BDCCFD6862C3}
		{0D234004-6B04-3DD7-8917-7AFF472FA52E} = {FCA7239F-0589-3534-BF39-BDCCFD6862C3}
		{F894ABC6-A5CE-366F-A876-5F5AB68E798D} = {FCA7239F-0589-3534-BF39-BDCCFD6862C3}
	EndGlobalSection
	GlobalSection(ExtensibilityGlobals) = postSolution
		SolutionGuid = {50B4E577-EDF2-3BEA-BA1F-90E093C01496}
	EndGlobalSection
	GlobalSection(ExtensibilityAddIns) = postSolution
	EndGlobalSection
EndGlobal
