<?xml version="1.0" encoding="utf-8"?>
<Project ToolsVersion="16.0" xmlns="http://schemas.microsoft.com/developer/msbuild/2003">
  <ItemGroup>
    <ClCompile Include="C:\Dev\dev\DreamRealm\Dependencies\project-src\CrunchMath\Dependencies\glad\src\glad.c">
      <Filter>Source Files</Filter>
    </ClCompile>
  </ItemGroup>
  <ItemGroup>
    <ClInclude Include="C:\Dev\dev\DreamRealm\Dependencies\project-src\CrunchMath\Dependencies\glad\include\glad\glad.h">
      <Filter>Header Files</Filter>
    </ClInclude>
    <ClInclude Include="C:\Dev\dev\DreamRealm\Dependencies\project-src\CrunchMath\Dependencies\glad\include\KHR\khrplatform.h">
      <Filter>Header Files</Filter>
    </ClInclude>
  </ItemGroup>
  <ItemGroup>
    <CustomBuild Include="C:\Dev\dev\DreamRealm\Dependencies\project-src\CrunchMath\Dependencies\glad\CMakeLists.txt" />
  </ItemGroup>
  <ItemGroup>
    <Filter Include="Header Files">
      <UniqueIdentifier>{CA948207-37CE-38C4-B17C-BE6285628A69}</UniqueIdentifier>
    </Filter>
    <Filter Include="Source Files">
      <UniqueIdentifier>{597777B4-0410-3648-BCFB-2CEC1106E5A2}</UniqueIdentifier>
    </Filter>
  </ItemGroup>
</Project>
