<?xml version="1.0" encoding="utf-8"?>
<Project ToolsVersion="16.0" xmlns="http://schemas.microsoft.com/developer/msbuild/2003">
  <ItemGroup>
    <ClCompile Include="C:\Dev\dev\DreamRealm\Dependencies\project-src\CrunchMath\Dependencies\glfw\src\context.c">
      <Filter>Source Files</Filter>
    </ClCompile>
    <ClCompile Include="C:\Dev\dev\DreamRealm\Dependencies\project-src\CrunchMath\Dependencies\glfw\src\init.c">
      <Filter>Source Files</Filter>
    </ClCompile>
    <ClCompile Include="C:\Dev\dev\DreamRealm\Dependencies\project-src\CrunchMath\Dependencies\glfw\src\input.c">
      <Filter>Source Files</Filter>
    </ClCompile>
    <ClCompile Include="C:\Dev\dev\DreamRealm\Dependencies\project-src\CrunchMath\Dependencies\glfw\src\monitor.c">
      <Filter>Source Files</Filter>
    </ClCompile>
    <ClCompile Include="C:\Dev\dev\DreamRealm\Dependencies\project-src\CrunchMath\Dependencies\glfw\src\vulkan.c">
      <Filter>Source Files</Filter>
    </ClCompile>
    <ClCompile Include="C:\Dev\dev\DreamRealm\Dependencies\project-src\CrunchMath\Dependencies\glfw\src\window.c">
      <Filter>Source Files</Filter>
    </ClCompile>
    <ClCompile Include="C:\Dev\dev\DreamRealm\Dependencies\project-src\CrunchMath\Dependencies\glfw\src\win32_init.c">
      <Filter>Source Files</Filter>
    </ClCompile>
    <ClCompile Include="C:\Dev\dev\DreamRealm\Dependencies\project-src\CrunchMath\Dependencies\glfw\src\win32_joystick.c">
      <Filter>Source Files</Filter>
    </ClCompile>
    <ClCompile Include="C:\Dev\dev\DreamRealm\Dependencies\project-src\CrunchMath\Dependencies\glfw\src\win32_monitor.c">
      <Filter>Source Files</Filter>
    </ClCompile>
    <ClCompile Include="C:\Dev\dev\DreamRealm\Dependencies\project-src\CrunchMath\Dependencies\glfw\src\win32_time.c">
      <Filter>Source Files</Filter>
    </ClCompile>
    <ClCompile Include="C:\Dev\dev\DreamRealm\Dependencies\project-src\CrunchMath\Dependencies\glfw\src\win32_thread.c">
      <Filter>Source Files</Filter>
    </ClCompile>
    <ClCompile Include="C:\Dev\dev\DreamRealm\Dependencies\project-src\CrunchMath\Dependencies\glfw\src\win32_window.c">
      <Filter>Source Files</Filter>
    </ClCompile>
    <ClCompile Include="C:\Dev\dev\DreamRealm\Dependencies\project-src\CrunchMath\Dependencies\glfw\src\wgl_context.c">
      <Filter>Source Files</Filter>
    </ClCompile>
    <ClCompile Include="C:\Dev\dev\DreamRealm\Dependencies\project-src\CrunchMath\Dependencies\glfw\src\egl_context.c">
      <Filter>Source Files</Filter>
    </ClCompile>
    <ClCompile Include="C:\Dev\dev\DreamRealm\Dependencies\project-src\CrunchMath\Dependencies\glfw\src\osmesa_context.c">
      <Filter>Source Files</Filter>
    </ClCompile>
  </ItemGroup>
  <ItemGroup>
    <ClInclude Include="C:\Dev\dev\DreamRealm\Dependencies\project-src\CrunchMath\Dependencies\glfw\include\GLFW\glfw3.h">
      <Filter>Header Files</Filter>
    </ClInclude>
    <ClInclude Include="C:\Dev\dev\DreamRealm\Dependencies\project-src\CrunchMath\Dependencies\glfw\include\GLFW\glfw3native.h">
      <Filter>Header Files</Filter>
    </ClInclude>
    <ClInclude Include="C:\Dev\dev\DreamRealm\Dependencies\project-src\CrunchMath\Dependencies\glfw\src\internal.h">
      <Filter>Header Files</Filter>
    </ClInclude>
    <ClInclude Include="C:\Dev\dev\DreamRealm\Dependencies\project-src\CrunchMath\Dependencies\glfw\src\mappings.h">
      <Filter>Header Files</Filter>
    </ClInclude>
    <ClInclude Include="C:\Dev\dev\DreamRealm\Dependencies\project-src\CrunchMath\Dependencies\glfw\src\win32_platform.h">
      <Filter>Header Files</Filter>
    </ClInclude>
    <ClInclude Include="C:\Dev\dev\DreamRealm\Dependencies\project-src\CrunchMath\Dependencies\glfw\src\win32_joystick.h">
      <Filter>Header Files</Filter>
    </ClInclude>
    <ClInclude Include="C:\Dev\dev\DreamRealm\Dependencies\project-src\CrunchMath\Dependencies\glfw\src\wgl_context.h">
      <Filter>Header Files</Filter>
    </ClInclude>
    <ClInclude Include="C:\Dev\dev\DreamRealm\Dependencies\project-src\CrunchMath\Dependencies\glfw\src\egl_context.h">
      <Filter>Header Files</Filter>
    </ClInclude>
    <ClInclude Include="C:\Dev\dev\DreamRealm\Dependencies\project-src\CrunchMath\Dependencies\glfw\src\osmesa_context.h">
      <Filter>Header Files</Filter>
    </ClInclude>
    <ClInclude Include="C:\Dev\dev\DreamRealm\Dependencies\project-src\CrunchMath\WindowsBuild\Dependencies\glfw\src\glfw_config.h">
      <Filter>Header Files</Filter>
    </ClInclude>
  </ItemGroup>
  <ItemGroup>
    <CustomBuild Include="C:\Dev\dev\DreamRealm\Dependencies\project-src\CrunchMath\Dependencies\glfw\src\CMakeLists.txt" />
  </ItemGroup>
  <ItemGroup>
    <Filter Include="Header Files">
      <UniqueIdentifier>{CA948207-37CE-38C4-B17C-BE6285628A69}</UniqueIdentifier>
    </Filter>
    <Filter Include="Source Files">
      <UniqueIdentifier>{597777B4-0410-3648-BCFB-2CEC1106E5A2}</UniqueIdentifier>
    </Filter>
  </ItemGroup>
</Project>
