<?xml version="1.0" encoding="utf-8"?>
<Project ToolsVersion="16.0" xmlns="http://schemas.microsoft.com/developer/msbuild/2003">
  <ItemGroup>
    <CustomBuild Include="C:\Dev\dev\DreamRealm\Dependencies\project-src\CrunchMath\WindowsBuild\CMakeFiles\134e87a73dc9023b196e9c91f922d4e0\INSTALL_force.rule">
      <Filter>CMake Rules</Filter>
    </CustomBuild>
  </ItemGroup>
  <ItemGroup>
    <Filter Include="CMake Rules">
      <UniqueIdentifier>{9C6EA110-A5B6-3031-9ECD-038FCA902DFE}</UniqueIdentifier>
    </Filter>
  </ItemGroup>
</Project>
